PODS:
  - assets_audio_player (0.0.1):
    - Flutter
  - assets_audio_player_web (0.0.1):
    - Flutter
  - Flutter (1.0.0)
  - path_provider_foundation (0.0.1):
    - Flutter
    - FlutterMacOS
  - PlainPocketFFT (0.0.9)
  - PocketFFT (0.0.1)
  - rive_common (0.0.1):
    - Flutter
  - RosaKit (0.0.11):
    - PlainPocketFFT (~> 0.0.9)
    - PocketFFT (~> 0.0.1)
  - RxCocoa (6.5.0):
    - RxRelay (= 6.5.0)
    - RxSwift (= 6.5.0)
  - RxRelay (6.5.0):
    - RxSwift (= 6.5.0)
  - RxSwift (6.5.0)
  - TensorFlowLiteC (2.6.0):
    - TensorFlowLiteC/Core (= 2.6.0)
  - TensorFlowLiteC/Core (2.6.0)
  - TensorFlowLiteSelectTfOps (2.14.0)
  - TensorFlowLiteSwift (2.6.0):
    - TensorFlowLiteSwift/Core (= 2.6.0)
  - TensorFlowLiteSwift/Core (2.6.0):
    - TensorFlowLiteC (= 2.6.0)
  - tflite_audio (0.3.0):
    - Flutter
    - RosaKit
    - RxCocoa (= 6.5.0)
    - RxSwift (= 6.5.0)
    - TensorFlowLiteSwift (~> 2.6.0)

DEPENDENCIES:
  - assets_audio_player (from `.symlinks/plugins/assets_audio_player/ios`)
  - assets_audio_player_web (from `.symlinks/plugins/assets_audio_player_web/ios`)
  - Flutter (from `Flutter`)
  - path_provider_foundation (from `.symlinks/plugins/path_provider_foundation/darwin`)
  - rive_common (from `.symlinks/plugins/rive_common/ios`)
  - TensorFlowLiteSelectTfOps
  - tflite_audio (from `.symlinks/plugins/tflite_audio/ios`)

SPEC REPOS:
  trunk:
    - PlainPocketFFT
    - PocketFFT
    - RosaKit
    - RxCocoa
    - RxRelay
    - RxSwift
    - TensorFlowLiteC
    - TensorFlowLiteSelectTfOps
    - TensorFlowLiteSwift

EXTERNAL SOURCES:
  assets_audio_player:
    :path: ".symlinks/plugins/assets_audio_player/ios"
  assets_audio_player_web:
    :path: ".symlinks/plugins/assets_audio_player_web/ios"
  Flutter:
    :path: Flutter
  path_provider_foundation:
    :path: ".symlinks/plugins/path_provider_foundation/darwin"
  rive_common:
    :path: ".symlinks/plugins/rive_common/ios"
  tflite_audio:
    :path: ".symlinks/plugins/tflite_audio/ios"

SPEC CHECKSUMS:
  assets_audio_player: edee322b9cb625571b830b35872ead1a295fd917
  assets_audio_player_web: 19826380c44375761aa0b9053665c1e3fbc3b86b
  Flutter: e0871f40cf51350855a761d2e70bf5af5b9b5de7
  path_provider_foundation: 3784922295ac71e43754bd15e0653ccfd36a147c
  PlainPocketFFT: 3763f37fba0737e457ed1a3b9b7bfa70c00ff213
  PocketFFT: cdbe7ef5b7cd08520655d85d03d701b5ba35fdec
  rive_common: 3a4c254c6e4db7e4b9e05daeb3d1f47ae4f7bf76
  RosaKit: 6e28b09f5eb990148a401e0c4b4ff0c207bd6569
  RxCocoa: 94f817b71c07517321eb4f9ad299112ca8af743b
  RxRelay: 1de1523e604c72b6c68feadedd1af3b1b4d0ecbd
  RxSwift: 5710a9e6b17f3c3d6e40d6e559b9fa1e813b2ef8
  TensorFlowLiteC: 869f93708210ed939fc40f40c772a120b7f964d1
  TensorFlowLiteSelectTfOps: 8fcadc9e027d87906ecc44509320c572c1fb0ba5
  TensorFlowLiteSwift: 78bc548132d2cae55643f3238359a24a6eb92b88
  tflite_audio: 015c689256a19a84fad384c11c24f250756c8726

PODFILE CHECKSUM: 6c9eeeea3509e13acbd4f9000e3cc92f94387b57

COCOAPODS: 1.15.2
